
Microsoft Visual Studio Solution File, Format Version 12.00
# Visual Studio Version 16
VisualStudioVersion = 16.0.28729.10
MinimumVisualStudioVersion = 10.0.40219.1
Project("{FAE04EC0-301F-11D3-BF4B-00C04F79EFBC}") = "GUI", "BookManagement\GUI.csproj", "{EF67F2B7-E27F-4658-B028-90DC4EFEBD17}"
EndProject
Project("{FAE04EC0-301F-11D3-BF4B-00C04F79EFBC}") = "BUS", "BUS\BUS.csproj", "{A4411A21-5095-4160-83BC-D67308114518}"
EndProject
Project("{FAE04EC0-301F-11D3-BF4B-00C04F79EFBC}") = "DAO", "DAO\DAO.csproj", "{9D7CB9AA-7735-4F30-8CE3-FCCE21316C64}"
EndProject
Project("{FAE04EC0-301F-11D3-BF4B-00C04F79EFBC}") = "DTO", "DTO\DTO.csproj", "{259D49C0-9DFC-4BAF-B9A8-0252CF317792}"
EndProject
Global
	GlobalSection(SolutionConfigurationPlatforms) = preSolution
		Debug|Any CPU = Debug|Any CPU
		Release|Any CPU = Release|Any CPU
	EndGlobalSection
	GlobalSection(ProjectConfigurationPlatforms) = postSolution
		{EF67F2B7-E27F-4658-B028-90DC4EFEBD17}.Debug|Any CPU.ActiveCfg = Debug|Any CPU
		{EF67F2B7-E27F-4658-B028-90DC4EFEBD17}.Debug|Any CPU.Build.0 = Debug|Any CPU
		{EF67F2B7-E27F-4658-B028-90DC4EFEBD17}.Release|Any CPU.ActiveCfg = Release|Any CPU
		{EF67F2B7-E27F-4658-B028-90DC4EFEBD17}.Release|Any CPU.Build.0 = Release|Any CPU
		{A4411A21-5095-4160-83BC-D67308114518}.Debug|Any CPU.ActiveCfg = Debug|Any CPU
		{A4411A21-5095-4160-83BC-D67308114518}.Debug|Any CPU.Build.0 = Debug|Any CPU
		{A4411A21-5095-4160-83BC-D67308114518}.Release|Any CPU.ActiveCfg = Release|Any CPU
		{A4411A21-5095-4160-83BC-D67308114518}.Release|Any CPU.Build.0 = Release|Any CPU
		{9D7CB9AA-7735-4F30-8CE3-FCCE21316C64}.Debug|Any CPU.ActiveCfg = Debug|Any CPU
		{9D7CB9AA-7735-4F30-8CE3-FCCE21316C64}.Debug|Any CPU.Build.0 = Debug|Any CPU
		{9D7CB9AA-7735-4F30-8CE3-FCCE21316C64}.Release|Any CPU.ActiveCfg = Release|Any CPU
		{9D7CB9AA-7735-4F30-8CE3-FCCE21316C64}.Release|Any CPU.Build.0 = Release|Any CPU
		{259D49C0-9DFC-4BAF-B9A8-0252CF317792}.Debug|Any CPU.ActiveCfg = Debug|Any CPU
		{259D49C0-9DFC-4BAF-B9A8-0252CF317792}.Debug|Any CPU.Build.0 = Debug|Any CPU
		{259D49C0-9DFC-4BAF-B9A8-0252CF317792}.Release|Any CPU.ActiveCfg = Release|Any CPU
		{259D49C0-9DFC-4BAF-B9A8-0252CF317792}.Release|Any CPU.Build.0 = Release|Any CPU
	EndGlobalSection
	GlobalSection(SolutionProperties) = preSolution
		HideSolutionNode = FALSE
	EndGlobalSection
	GlobalSection(ExtensibilityGlobals) = postSolution
		SolutionGuid = {99FB12A1-8D0B-4483-807D-C6943A04CB59}
	EndGlobalSection
EndGlobal
